# THIS IS AN AUTOGENERATED FILE. DO NOT EDIT THIS FILE DIRECTLY.
# yarn lockfile v1


"@nomicfoundation/slang-darwin-arm64@0.17.0":
  version "0.17.0"
  resolved "https://registry.npmjs.org/@nomicfoundation/slang-darwin-arm64/-/slang-darwin-arm64-0.17.0.tgz#8cded3c24322624e3b6618760caba8e840bd1c1d"
  integrity sha512-O0q94EUtoWy9A5kOTOa9/khtxXDYnLqmuda9pQELurSiwbQEVCPQL8kb34VbOW+ifdre66JM/05Xw9JWhIZ9sA==

"@nomicfoundation/slang-darwin-x64@0.17.0":
  version "0.17.0"
  resolved "https://registry.npmjs.org/@nomicfoundation/slang-darwin-x64/-/slang-darwin-x64-0.17.0.tgz#6ebeb33a2ced89fc6023f6cda4af96403486038a"
  integrity sha512-IaDbHzvT08sBK2HyGzonWhq1uu8IxdjmTqAWHr25Oh/PYnamdi8u4qchZXXYKz/DHLoYN3vIpBXoqLQIomhD/g==

"@nomicfoundation/slang-linux-arm64-gnu@0.17.0":
  version "0.17.0"
  resolved "https://registry.npmjs.org/@nomicfoundation/slang-linux-arm64-gnu/-/slang-linux-arm64-gnu-0.17.0.tgz#41c7e57a9b1a3aee6911f0cab22e683c149fb470"
  integrity sha512-Lj4anvOsQZxs1SycG8VyT2Rl2oqIhyLSUCgGepTt3CiJ/bM+8r8bLJIgh8vKkki4BWz49YsYIgaJB2IPv8FFTw==

"@nomicfoundation/slang-linux-arm64-musl@0.17.0":
  version "0.17.0"
  resolved "https://registry.npmjs.org/@nomicfoundation/slang-linux-arm64-musl/-/slang-linux-arm64-musl-0.17.0.tgz#9c4b51689274ae75c2c8a4cddd2e1cc0a79c191d"
  integrity sha512-/xkTCa9d5SIWUBQE3BmLqDFfJRr4yUBwbl4ynPiGUpRXrD69cs6pWKkwjwz/FdBpXqVo36I+zY95qzoTj/YhOA==

"@nomicfoundation/slang-linux-x64-gnu@0.17.0":
  version "0.17.0"
  resolved "https://registry.npmjs.org/@nomicfoundation/slang-linux-x64-gnu/-/slang-linux-x64-gnu-0.17.0.tgz#c3a3b6a7b775fc617832958d10e6664bf86d39d0"
  integrity sha512-oe5IO5vntOqYvTd67deCHPIWuSuWm6aYtT2/0Kqz2/VLtGz4ClEulBSRwfnNzBVtw2nksWipE1w8BzhImI7Syg==

"@nomicfoundation/slang-linux-x64-musl@0.17.0":
  version "0.17.0"
  resolved "https://registry.npmjs.org/@nomicfoundation/slang-linux-x64-musl/-/slang-linux-x64-musl-0.17.0.tgz#725118ff99a7217b9f1d1bd84411d9442084077d"
  integrity sha512-PpYCI5K/kgLAMXaPY0V4VST5gCDprEOh7z/47tbI8kJQumI5odjsj/Cs8MpTo7/uRH6flKYbVNgUzcocWVYrAQ==

"@nomicfoundation/slang-win32-arm64-msvc@0.17.0":
  version "0.17.0"
  resolved "https://registry.npmjs.org/@nomicfoundation/slang-win32-arm64-msvc/-/slang-win32-arm64-msvc-0.17.0.tgz#9c8bc4ccf21eaaac0cfcb6d3954ede4e2dea4c02"
  integrity sha512-u/Mkf7OjokdBilP7QOJj6QYJU4/mjkbKnTX21wLyCIzeVWS7yafRPYpBycKIBj2pRRZ6ceAY5EqRpb0aiCq+0Q==

"@nomicfoundation/slang-win32-ia32-msvc@0.17.0":
  version "0.17.0"
  resolved "https://registry.npmjs.org/@nomicfoundation/slang-win32-ia32-msvc/-/slang-win32-ia32-msvc-0.17.0.tgz#3fc5d00a3f8c1d85a5e94146af78a5526a4f3d27"
  integrity sha512-XJBVQfNnZQUv0tP2JSJ573S+pmgrLWgqSZOGaMllnB/TL1gRci4Z7dYRJUF2s82GlRJE+FHSI2Ro6JISKmlXCg==

"@nomicfoundation/slang-win32-x64-msvc@0.17.0":
  version "0.17.0"
  resolved "https://registry.npmjs.org/@nomicfoundation/slang-win32-x64-msvc/-/slang-win32-x64-msvc-0.17.0.tgz#f6a5e3250fa07cbda49151edeb80f09090e5b71a"
  integrity sha512-zPGsAeiTfqfPNYHD8BfrahQmYzA78ZraoHKTGraq/1xwJwzBK4bu/NtvVA4pJjBV+B4L6DCxVhSbpn40q26JQA==

"@nomicfoundation/slang@^0.17.0":
  version "0.17.0"
  resolved "https://registry.npmjs.org/@nomicfoundation/slang/-/slang-0.17.0.tgz#d9c25cd711ebf3490c9d0c99e9b4ca2481341a6b"
  integrity sha512-1GlkGRcGpVnjFw9Z1vvDKOKo2mzparFt7qrl2pDxWp+jrVtlvej98yCMX52pVyrYE7ZeOSZFnx/DtsSgoukStQ==
  dependencies:
    "@nomicfoundation/slang-darwin-arm64" "0.17.0"
    "@nomicfoundation/slang-darwin-x64" "0.17.0"
    "@nomicfoundation/slang-linux-arm64-gnu" "0.17.0"
    "@nomicfoundation/slang-linux-arm64-musl" "0.17.0"
    "@nomicfoundation/slang-linux-x64-gnu" "0.17.0"
    "@nomicfoundation/slang-linux-x64-musl" "0.17.0"
    "@nomicfoundation/slang-win32-arm64-msvc" "0.17.0"
    "@nomicfoundation/slang-win32-ia32-msvc" "0.17.0"
    "@nomicfoundation/slang-win32-x64-msvc" "0.17.0"

"@openzeppelin/upgrades-core@1.39.0":
  version "1.39.0"
  resolved "https://registry.npmjs.org/@openzeppelin/upgrades-core/-/upgrades-core-1.39.0.tgz#99c0716b15221968de321e29798500bcf5190e24"
  integrity sha512-TJ1kMeyp7yD4aDR2bFDK+9m5JVe/ObFDck3erVm2WcBKPtRsmFOP6b0QO1DM6w0HOOIiu8VKfrFDqZ6NyJcUyw==
  dependencies:
    "@nomicfoundation/slang" "^0.17.0"
    cbor "^9.0.0"
    chalk "^4.1.0"
    compare-versions "^6.0.0"
    debug "^4.1.1"
    ethereumjs-util "^7.0.3"
    minimatch "^9.0.5"
    minimist "^1.2.7"
    proper-lockfile "^4.1.1"
    solidity-ast "^0.4.51"

"@types/bn.js@^5.1.0":
  version "5.1.6"
  resolved "https://registry.npmjs.org/@types/bn.js/-/bn.js-5.1.6.tgz#9ba818eec0c85e4d3c679518428afdf611d03203"
  integrity sha512-Xh8vSwUeMKeYYrj3cX4lGQgFSF/N03r+tv4AiLl1SucqV+uTQpxRcnM8AkXKHwYP9ZPXOYXRr2KPXpVlIvqh9w==
  dependencies:
    "@types/node" "*"

"@types/node@*":
  version "22.7.4"
  resolved "https://registry.npmjs.org/@types/node/-/node-22.7.4.tgz#e35d6f48dca3255ce44256ddc05dee1c23353fcc"
  integrity sha512-y+NPi1rFzDs1NdQHHToqeiX2TIS79SWEAw9GYhkkx8bD0ChpfqC+n2j5OXOCpzfojBEBt6DnEnnG9MY0zk1XLg==
  dependencies:
    undici-types "~6.19.2"

"@types/pbkdf2@^3.0.0":
  version "3.1.2"
  resolved "https://registry.npmjs.org/@types/pbkdf2/-/pbkdf2-3.1.2.tgz#2dc43808e9985a2c69ff02e2d2027bd4fe33e8dc"
  integrity sha512-uRwJqmiXmh9++aSu1VNEn3iIxWOhd8AHXNSdlaLfdAAdSTY9jYVeGWnzejM3dvrkbqE3/hyQkQQ29IFATEGlew==
  dependencies:
    "@types/node" "*"

"@types/secp256k1@^4.0.1":
  version "4.0.6"
  resolved "https://registry.npmjs.org/@types/secp256k1/-/secp256k1-4.0.6.tgz#d60ba2349a51c2cbc5e816dcd831a42029d376bf"
  integrity sha512-hHxJU6PAEUn0TP4S/ZOzuTUvJWuZ6eIKeNKb5RBpODvSl6hp1Wrw4s7ATY50rklRCScUDpHzVA/DQdSjJ3UoYQ==
  dependencies:
    "@types/node" "*"

ansi-styles@^4.1.0:
  version "4.3.0"
  resolved "https://registry.npmjs.org/ansi-styles/-/ansi-styles-4.3.0.tgz#edd803628ae71c04c85ae7a0906edad34b648937"
  integrity sha512-zbB9rCJAT1rbjiVDb2hqKFHNYLxgtk8NURxZ3IZwD3F6NtxbXZQCnnSi1Lkx+IDohdPlFp222wVALIheZJQSEg==
  dependencies:
    color-convert "^2.0.1"

balanced-match@^1.0.0:
  version "1.0.2"
  resolved "https://registry.npmjs.org/balanced-match/-/balanced-match-1.0.2.tgz#e83e3a7e3f300b34cb9d87f615fa0cbf357690ee"
  integrity sha512-3oSeUO0TMV67hN1AmbXsK4yaqU7tjiHlbxRDZOpH0KW9+CeX4bRAaX0Anxt0tx2MrpRpWwQaPwIlISEJhYU5Pw==

base-x@^3.0.2:
  version "3.0.10"
  resolved "https://registry.npmjs.org/base-x/-/base-x-3.0.10.tgz#62de58653f8762b5d6f8d9fe30fa75f7b2585a75"
  integrity sha512-7d0s06rR9rYaIWHkpfLIFICM/tkSVdoPC9qYAQRpxn9DdKNWNsKC0uk++akckyLq16Tx2WIinnZ6WRriAt6njQ==
  dependencies:
    safe-buffer "^5.0.1"

blakejs@^1.1.0:
  version "1.2.1"
  resolved "https://registry.npmjs.org/blakejs/-/blakejs-1.2.1.tgz#5057e4206eadb4a97f7c0b6e197a505042fc3814"
  integrity sha512-QXUSXI3QVc/gJME0dBpXrag1kbzOqCjCX8/b54ntNyW6sjtoqxqRk3LTmXzaJoh71zMsDCjM+47jS7XiwN/+fQ==

bn.js@^4.11.9:
  version "4.12.0"
  resolved "https://registry.npmjs.org/bn.js/-/bn.js-4.12.0.tgz#775b3f278efbb9718eec7361f483fb36fbbfea88"
  integrity sha512-c98Bf3tPniI+scsdk237ku1Dc3ujXQTSgyiPUDEOe7tRkhrqridvh8klBv0HCEso1OLOYcHuCv/cS6DNxKH+ZA==

bn.js@^5.1.2, bn.js@^5.2.0:
  version "5.2.1"
  resolved "https://registry.npmjs.org/bn.js/-/bn.js-5.2.1.tgz#0bc527a6a0d18d0aa8d5b0538ce4a77dccfa7b70"
  integrity sha512-eXRvHzWyYPBuB4NBy0cmYQjGitUrtqwbvlzP3G6VFnNRbsZQIxQ10PbKKHt8gZ/HW/D/747aDl+QkDqg3KQLMQ==

brace-expansion@^2.0.1:
  version "2.0.1"
  resolved "https://registry.npmjs.org/brace-expansion/-/brace-expansion-2.0.1.tgz#1edc459e0f0c548486ecf9fc99f2221364b9a0ae"
  integrity sha512-XnAIvQ8eM+kC6aULx6wuQiwVsnzsi9d3WxzV3FpWTGA19F621kwdbsAcFKXgKUHZWsy+mY6iL1sHTxWEFCytDA==
  dependencies:
    balanced-match "^1.0.0"

brorand@^1.1.0:
  version "1.1.0"
  resolved "https://registry.npmjs.org/brorand/-/brorand-1.1.0.tgz#12c25efe40a45e3c323eb8675a0a0ce57b22371f"
  integrity sha512-cKV8tMCEpQs4hK/ik71d6LrPOnpkpGBR0wzxqr68g2m/LB2GxVYQroAjMJZRVM1Y4BCjCKc3vAamxSzOY2RP+w==

browserify-aes@^1.2.0:
  version "1.2.0"
  resolved "https://registry.npmjs.org/browserify-aes/-/browserify-aes-1.2.0.tgz#326734642f403dabc3003209853bb70ad428ef48"
  integrity sha512-+7CHXqGuspUn/Sl5aO7Ea0xWGAtETPXNSAjHo48JfLdPWcMng33Xe4znFvQweqc/uzk5zSOI3H52CYnjCfb5hA==
  dependencies:
    buffer-xor "^1.0.3"
    cipher-base "^1.0.0"
    create-hash "^1.1.0"
    evp_bytestokey "^1.0.3"
    inherits "^2.0.1"
    safe-buffer "^5.0.1"

bs58@^4.0.0:
  version "4.0.1"
  resolved "https://registry.npmjs.org/bs58/-/bs58-4.0.1.tgz#be161e76c354f6f788ae4071f63f34e8c4f0a42a"
  integrity sha512-Ok3Wdf5vOIlBrgCvTq96gBkJw+JUEzdBgyaza5HLtPm7yTHkjRy8+JzNyHF7BHa0bNWOQIp3m5YF0nnFcOIKLw==
  dependencies:
    base-x "^3.0.2"

bs58check@^2.1.2:
  version "2.1.2"
  resolved "https://registry.npmjs.org/bs58check/-/bs58check-2.1.2.tgz#53b018291228d82a5aa08e7d796fdafda54aebfc"
  integrity sha512-0TS1jicxdU09dwJMNZtVAfzPi6Q6QeN0pM1Fkzrjn+XYHvzMKPU3pHVpva+769iNVSfIYWf7LJ6WR+BuuMf8cA==
  dependencies:
    bs58 "^4.0.0"
    create-hash "^1.1.0"
    safe-buffer "^5.1.2"

buffer-xor@^1.0.3:
  version "1.0.3"
  resolved "https://registry.npmjs.org/buffer-xor/-/buffer-xor-1.0.3.tgz#26e61ed1422fb70dd42e6e36729ed51d855fe8d9"
  integrity sha512-571s0T7nZWK6vB67HI5dyUF7wXiNcfaPPPTl6zYCNApANjIvYJTg7hlud/+cJpdAhS7dVzqMLmfhfHR3rAcOjQ==

cbor@^9.0.0:
  version "9.0.2"
  resolved "https://registry.npmjs.org/cbor/-/cbor-9.0.2.tgz#536b4f2d544411e70ec2b19a2453f10f83cd9fdb"
  integrity sha512-JPypkxsB10s9QOWwa6zwPzqE1Md3vqpPc+cai4sAecuCsRyAtAl/pMyhPlMbT/xtPnm2dznJZYRLui57qiRhaQ==
  dependencies:
    nofilter "^3.1.0"

chalk@^4.1.0:
  version "4.1.2"
  resolved "https://registry.npmjs.org/chalk/-/chalk-4.1.2.tgz#aac4e2b7734a740867aeb16bf02aad556a1e7a01"
  integrity sha512-oKnbhFyRIXpUuez8iBMmyEa4nbj4IOQyuhc/wy9kY7/WVPcwIO9VA668Pu8RkO7+0G76SLROeyw9CpQ061i4mA==
  dependencies:
    ansi-styles "^4.1.0"
    supports-color "^7.1.0"

cipher-base@^1.0.0, cipher-base@^1.0.1, cipher-base@^1.0.3:
  version "1.0.4"
  resolved "https://registry.npmjs.org/cipher-base/-/cipher-base-1.0.4.tgz#8760e4ecc272f4c363532f926d874aae2c1397de"
  integrity sha512-Kkht5ye6ZGmwv40uUDZztayT2ThLQGfnj/T71N/XzeZeo3nf8foyW7zGTsPYkEya3m5f3cAypH+qe7YOrM1U2Q==
  dependencies:
    inherits "^2.0.1"
    safe-buffer "^5.0.1"

color-convert@^2.0.1:
  version "2.0.1"
  resolved "https://registry.npmjs.org/color-convert/-/color-convert-2.0.1.tgz#72d3a68d598c9bdb3af2ad1e84f21d896abd4de3"
  integrity sha512-RRECPsj7iu/xb5oKYcsFHSppFNnsj/52OVTRKb4zP5onXwVF3zVmmToNcOfGC+CRDpfK/U584fMg38ZHCaElKQ==
  dependencies:
    color-name "~1.1.4"

color-name@~1.1.4:
  version "1.1.4"
  resolved "https://registry.npmjs.org/color-name/-/color-name-1.1.4.tgz#c2a09a87acbde69543de6f63fa3995c826c536a2"
  integrity sha512-dOy+3AuW3a2wNbZHIuMZpTcgjGuLU/uBL/ubcZF9OXbDo8ff4O8yVp5Bf0efS8uEoYo5q4Fx7dY9OgQGXgAsQA==

compare-versions@^6.0.0:
  version "6.1.1"
  resolved "https://registry.npmjs.org/compare-versions/-/compare-versions-6.1.1.tgz#7af3cc1099ba37d244b3145a9af5201b629148a9"
  integrity sha512-4hm4VPpIecmlg59CHXnRDnqGplJFrbLG4aFEl5vl6cK1u76ws3LLvX7ikFnTDl5vo39sjWD6AaDPYodJp/NNHg==

create-hash@^1.1.0, create-hash@^1.1.2, create-hash@^1.2.0:
  version "1.2.0"
  resolved "https://registry.npmjs.org/create-hash/-/create-hash-1.2.0.tgz#889078af11a63756bcfb59bd221996be3a9ef196"
  integrity sha512-z00bCGNHDG8mHAkP7CtT1qVu+bFQUPjYq/4Iv3C3kWjTFV10zIjfSoeqXo9Asws8gwSHDGj/hl2u4OGIjapeCg==
  dependencies:
    cipher-base "^1.0.1"
    inherits "^2.0.1"
    md5.js "^1.3.4"
    ripemd160 "^2.0.1"
    sha.js "^2.4.0"

create-hmac@^1.1.4, create-hmac@^1.1.7:
  version "1.1.7"
  resolved "https://registry.npmjs.org/create-hmac/-/create-hmac-1.1.7.tgz#69170c78b3ab957147b2b8b04572e47ead2243ff"
  integrity sha512-MJG9liiZ+ogc4TzUwuvbER1JRdgvUFSB5+VR/g5h82fGaIRWMWddtKBHi7/sVhfjQZ6SehlyhvQYrcYkaUIpLg==
  dependencies:
    cipher-base "^1.0.3"
    create-hash "^1.1.0"
    inherits "^2.0.1"
    ripemd160 "^2.0.0"
    safe-buffer "^5.0.1"
    sha.js "^2.4.8"

debug@^4.1.1:
  version "4.3.7"
  resolved "https://registry.npmjs.org/debug/-/debug-4.3.7.tgz#87945b4151a011d76d95a198d7111c865c360a52"
  integrity sha512-Er2nc/H7RrMXZBFCEim6TCmMk02Z8vLC2Rbi1KEBggpo0fS6l0S1nnapwmIi3yW/+GOJap1Krg4w0Hg80oCqgQ==
  dependencies:
    ms "^2.1.3"

elliptic@^6.5.4:
  version "6.5.7"
  resolved "https://registry.npmjs.org/elliptic/-/elliptic-6.5.7.tgz#8ec4da2cb2939926a1b9a73619d768207e647c8b"
  integrity sha512-ESVCtTwiA+XhY3wyh24QqRGBoP3rEdDUl3EDUUo9tft074fi19IrdpH7hLCMMP3CIj7jb3W96rn8lt/BqIlt5Q==
  dependencies:
    bn.js "^4.11.9"
    brorand "^1.1.0"
    hash.js "^1.0.0"
    hmac-drbg "^1.0.1"
    inherits "^2.0.4"
    minimalistic-assert "^1.0.1"
    minimalistic-crypto-utils "^1.0.1"

ethereum-cryptography@^0.1.3:
  version "0.1.3"
  resolved "https://registry.npmjs.org/ethereum-cryptography/-/ethereum-cryptography-0.1.3.tgz#8d6143cfc3d74bf79bbd8edecdf29e4ae20dd191"
  integrity sha512-w8/4x1SGGzc+tO97TASLja6SLd3fRIK2tLVcV2Gx4IB21hE19atll5Cq9o3d0ZmAYC/8aw0ipieTSiekAea4SQ==
  dependencies:
    "@types/pbkdf2" "^3.0.0"
    "@types/secp256k1" "^4.0.1"
    blakejs "^1.1.0"
    browserify-aes "^1.2.0"
    bs58check "^2.1.2"
    create-hash "^1.2.0"
    create-hmac "^1.1.7"
    hash.js "^1.1.7"
    keccak "^3.0.0"
    pbkdf2 "^3.0.17"
    randombytes "^2.1.0"
    safe-buffer "^5.1.2"
    scrypt-js "^3.0.0"
    secp256k1 "^4.0.1"
    setimmediate "^1.0.5"

ethereumjs-util@^7.0.3:
  version "7.1.5"
  resolved "https://registry.npmjs.org/ethereumjs-util/-/ethereumjs-util-7.1.5.tgz#9ecf04861e4fbbeed7465ece5f23317ad1129181"
  integrity sha512-SDl5kKrQAudFBUe5OJM9Ac6WmMyYmXX/6sTmLZ3ffG2eY6ZIGBes3pEDxNN6V72WyOw4CPD5RomKdsa8DAAwLg==
  dependencies:
    "@types/bn.js" "^5.1.0"
    bn.js "^5.1.2"
    create-hash "^1.1.2"
    ethereum-cryptography "^0.1.3"
    rlp "^2.2.4"

evp_bytestokey@^1.0.3:
  version "1.0.3"
  resolved "https://registry.npmjs.org/evp_bytestokey/-/evp_bytestokey-1.0.3.tgz#7fcbdb198dc71959432efe13842684e0525acb02"
  integrity sha512-/f2Go4TognH/KvCISP7OUsHn85hT9nUkxxA9BEWxFn+Oj9o8ZNLm/40hdlgSLyuOimsrTKLUMEorQexp/aPQeA==
  dependencies:
    md5.js "^1.3.4"
    safe-buffer "^5.1.1"

graceful-fs@^4.2.4:
  version "4.2.11"
  resolved "https://registry.npmjs.org/graceful-fs/-/graceful-fs-4.2.11.tgz#4183e4e8bf08bb6e05bbb2f7d2e0c8f712ca40e3"
  integrity sha512-RbJ5/jmFcNNCcDV5o9eTnBLJ/HszWV0P73bc+Ff4nS/rJj+YaS6IGyiOL0VoBYX+l1Wrl3k63h/KrH+nhJ0XvQ==

has-flag@^4.0.0:
  version "4.0.0"
  resolved "https://registry.npmjs.org/has-flag/-/has-flag-4.0.0.tgz#944771fd9c81c81265c4d6941860da06bb59479b"
  integrity sha512-EykJT/Q1KjTWctppgIAgfSO0tKVuZUjhgMr17kqTumMl6Afv3EISleU7qZUzoXDFTAHTDC4NOoG/ZxU3EvlMPQ==

hash-base@^3.0.0:
  version "3.1.0"
  resolved "https://registry.npmjs.org/hash-base/-/hash-base-3.1.0.tgz#55c381d9e06e1d2997a883b4a3fddfe7f0d3af33"
  integrity sha512-1nmYp/rhMDiE7AYkDw+lLwlAzz0AntGIe51F3RfFfEqyQ3feY2eI/NcwC6umIQVOASPMsWJLJScWKSSvzL9IVA==
  dependencies:
    inherits "^2.0.4"
    readable-stream "^3.6.0"
    safe-buffer "^5.2.0"

hash.js@^1.0.0, hash.js@^1.0.3, hash.js@^1.1.7:
  version "1.1.7"
  resolved "https://registry.npmjs.org/hash.js/-/hash.js-1.1.7.tgz#0babca538e8d4ee4a0f8988d68866537a003cf42"
  integrity sha512-taOaskGt4z4SOANNseOviYDvjEJinIkRgmp7LbKP2YTTmVxWBl87s/uzK9r+44BclBSp2X7K1hqeNfz9JbBeXA==
  dependencies:
    inherits "^2.0.3"
    minimalistic-assert "^1.0.1"

hmac-drbg@^1.0.1:
  version "1.0.1"
  resolved "https://registry.npmjs.org/hmac-drbg/-/hmac-drbg-1.0.1.tgz#d2745701025a6c775a6c545793ed502fc0c649a1"
  integrity sha512-Tti3gMqLdZfhOQY1Mzf/AanLiqh1WTiJgEj26ZuYQ9fbkLomzGchCws4FyrSd4VkpBfiNhaE1On+lOz894jvXg==
  dependencies:
    hash.js "^1.0.3"
    minimalistic-assert "^1.0.0"
    minimalistic-crypto-utils "^1.0.1"

inherits@^2.0.1, inherits@^2.0.3, inherits@^2.0.4:
  version "2.0.4"
  resolved "https://registry.npmjs.org/inherits/-/inherits-2.0.4.tgz#0fa2c64f932917c3433a0ded55363aae37416b7c"
  integrity sha512-k/vGaX4/Yla3WzyMCvTQOXYeIHvqOKtnqBduzTHpzpQZzAskKMhZ2K+EnBiSM9zGSoIFeMpXKxa4dYeZIQqewQ==

keccak@^3.0.0:
  version "3.0.4"
  resolved "https://registry.npmjs.org/keccak/-/keccak-3.0.4.tgz#edc09b89e633c0549da444432ecf062ffadee86d"
  integrity sha512-3vKuW0jV8J3XNTzvfyicFR5qvxrSAGl7KIhvgOu5cmWwM7tZRj3fMbj/pfIf4be7aznbc+prBWGjywox/g2Y6Q==
  dependencies:
    node-addon-api "^2.0.0"
    node-gyp-build "^4.2.0"
    readable-stream "^3.6.0"

md5.js@^1.3.4:
  version "1.3.5"
  resolved "https://registry.npmjs.org/md5.js/-/md5.js-1.3.5.tgz#b5d07b8e3216e3e27cd728d72f70d1e6a342005f"
  integrity sha512-xitP+WxNPcTTOgnTJcrhM0xvdPepipPSf3I8EIpGKeFLjt3PlJLIDG3u8EX53ZIubkb+5U2+3rELYpEhHhzdkg==
  dependencies:
    hash-base "^3.0.0"
    inherits "^2.0.1"
    safe-buffer "^5.1.2"

minimalistic-assert@^1.0.0, minimalistic-assert@^1.0.1:
  version "1.0.1"
  resolved "https://registry.npmjs.org/minimalistic-assert/-/minimalistic-assert-1.0.1.tgz#2e194de044626d4a10e7f7fbc00ce73e83e4d5c7"
  integrity sha512-UtJcAD4yEaGtjPezWuO9wC4nwUnVH/8/Im3yEHQP4b67cXlD/Qr9hdITCU1xDbSEXg2XKNaP8jsReV7vQd00/A==

minimalistic-crypto-utils@^1.0.1:
  version "1.0.1"
  resolved "https://registry.npmjs.org/minimalistic-crypto-utils/-/minimalistic-crypto-utils-1.0.1.tgz#f6c00c1c0b082246e5c4d99dfb8c7c083b2b582a"
  integrity sha512-JIYlbt6g8i5jKfJ3xz7rF0LXmv2TkDxBLUkiBeZ7bAx4GnnNMr8xFpGnOxn6GhTEHx3SjRrZEoU+j04prX1ktg==

minimatch@^9.0.5:
  version "9.0.5"
  resolved "https://registry.npmjs.org/minimatch/-/minimatch-9.0.5.tgz#d74f9dd6b57d83d8e98cfb82133b03978bc929e5"
  integrity sha512-G6T0ZX48xgozx7587koeX9Ys2NYy6Gmv//P89sEte9V9whIapMNF4idKxnW2QtCcLiTWlb/wfCabAtAFWhhBow==
  dependencies:
    brace-expansion "^2.0.1"

minimist@^1.2.7:
  version "1.2.8"
  resolved "https://registry.npmjs.org/minimist/-/minimist-1.2.8.tgz#c1a464e7693302e082a075cee0c057741ac4772c"
  integrity sha512-2yyAR8qBkN3YuheJanUpWC5U3bb5osDywNB8RzDVlDwDHbocAJveqqj1u8+SVD7jkWT4yvsHCpWqqWqAxb0zCA==

ms@^2.1.3:
  version "2.1.3"
  resolved "https://registry.npmjs.org/ms/-/ms-2.1.3.tgz#574c8138ce1d2b5861f0b44579dbadd60c6615b2"
  integrity sha512-6FlzubTLZG3J2a/NVCAleEhjzq5oxgHyaCU9yYXvcLsvoVaHJq/s5xXI6/XXP6tz7R9xAOtHnSO/tXtF3WRTlA==

node-addon-api@^2.0.0:
  version "2.0.2"
  resolved "https://registry.npmjs.org/node-addon-api/-/node-addon-api-2.0.2.tgz#432cfa82962ce494b132e9d72a15b29f71ff5d32"
  integrity sha512-Ntyt4AIXyaLIuMHF6IOoTakB3K+RWxwtsHNRxllEoA6vPwP9o4866g6YWDLUdnucilZhmkxiHwHr11gAENw+QA==

node-gyp-build@^4.2.0:
  version "4.8.2"
  resolved "https://registry.npmjs.org/node-gyp-build/-/node-gyp-build-4.8.2.tgz#4f802b71c1ab2ca16af830e6c1ea7dd1ad9496fa"
  integrity sha512-IRUxE4BVsHWXkV/SFOut4qTlagw2aM8T5/vnTsmrHJvVoKueJHRc/JaFND7QDDc61kLYUJ6qlZM3sqTSyx2dTw==

nofilter@^3.1.0:
  version "3.1.0"
  resolved "https://registry.npmjs.org/nofilter/-/nofilter-3.1.0.tgz#c757ba68801d41ff930ba2ec55bab52ca184aa66"
  integrity sha512-l2NNj07e9afPnhAhvgVrCD/oy2Ai1yfLpuo3EpiO1jFTsB4sFz6oIfAfSZyQzVpkZQ9xS8ZS5g1jCBgq4Hwo0g==

pbkdf2@^3.0.17:
  version "3.1.2"
  resolved "https://registry.npmjs.org/pbkdf2/-/pbkdf2-3.1.2.tgz#dd822aa0887580e52f1a039dc3eda108efae3075"
  integrity sha512-iuh7L6jA7JEGu2WxDwtQP1ddOpaJNC4KlDEFfdQajSGgGPNi4OyDc2R7QnbY2bR9QjBVGwgvTdNJZoE7RaxUMA==
  dependencies:
    create-hash "^1.1.2"
    create-hmac "^1.1.4"
    ripemd160 "^2.0.1"
    safe-buffer "^5.0.1"
    sha.js "^2.4.8"

proper-lockfile@^4.1.1:
  version "4.1.2"
  resolved "https://registry.npmjs.org/proper-lockfile/-/proper-lockfile-4.1.2.tgz#c8b9de2af6b2f1601067f98e01ac66baa223141f"
  integrity sha512-TjNPblN4BwAWMXU8s9AEz4JmQxnD1NNL7bNOY/AKUzyamc379FWASUhc/K1pL2noVb+XmZKLL68cjzLsiOAMaA==
  dependencies:
    graceful-fs "^4.2.4"
    retry "^0.12.0"
    signal-exit "^3.0.2"

randombytes@^2.1.0:
  version "2.1.0"
  resolved "https://registry.npmjs.org/randombytes/-/randombytes-2.1.0.tgz#df6f84372f0270dc65cdf6291349ab7a473d4f2a"
  integrity sha512-vYl3iOX+4CKUWuxGi9Ukhie6fsqXqS9FE2Zaic4tNFD2N2QQaXOMFbuKK4QmDHC0JO6B1Zp41J0LpT0oR68amQ==
  dependencies:
    safe-buffer "^5.1.0"

readable-stream@^3.6.0:
  version "3.6.2"
  resolved "https://registry.npmjs.org/readable-stream/-/readable-stream-3.6.2.tgz#56a9b36ea965c00c5a93ef31eb111a0f11056967"
  integrity sha512-9u/sniCrY3D5WdsERHzHE4G2YCXqoG5FTHUiCC4SIbr6XcLZBY05ya9EKjYek9O5xOAwjGq+1JdGBAS7Q9ScoA==
  dependencies:
    inherits "^2.0.3"
    string_decoder "^1.1.1"
    util-deprecate "^1.0.1"

retry@^0.12.0:
  version "0.12.0"
  resolved "https://registry.npmjs.org/retry/-/retry-0.12.0.tgz#1b42a6266a21f07421d1b0b54b7dc167b01c013b"
  integrity sha512-9LkiTwjUh6rT555DtE9rTX+BKByPfrMzEAtnlEtdEwr3Nkffwiihqe2bWADg+OQRjt9gl6ICdmB/ZFDCGAtSow==

ripemd160@^2.0.0, ripemd160@^2.0.1:
  version "2.0.2"
  resolved "https://registry.npmjs.org/ripemd160/-/ripemd160-2.0.2.tgz#a1c1a6f624751577ba5d07914cbc92850585890c"
  integrity sha512-ii4iagi25WusVoiC4B4lq7pbXfAp3D9v5CwfkY33vffw2+pkDjY1D8GaN7spsxvCSx8dkPqOZCEZyfxcmJG2IA==
  dependencies:
    hash-base "^3.0.0"
    inherits "^2.0.1"

rlp@^2.2.4:
  version "2.2.7"
  resolved "https://registry.npmjs.org/rlp/-/rlp-2.2.7.tgz#33f31c4afac81124ac4b283e2bd4d9720b30beaf"
  integrity sha512-d5gdPmgQ0Z+AklL2NVXr/IoSjNZFfTVvQWzL/AM2AOcSzYP2xjlb0AC8YyCLc41MSNf6P6QVtjgPdmVtzb+4lQ==
  dependencies:
    bn.js "^5.2.0"

safe-buffer@^5.0.1, safe-buffer@^5.1.0, safe-buffer@^5.1.1, safe-buffer@^5.1.2, safe-buffer@^5.2.0, safe-buffer@~5.2.0:
  version "5.2.1"
  resolved "https://registry.npmjs.org/safe-buffer/-/safe-buffer-5.2.1.tgz#1eaf9fa9bdb1fdd4ec75f58f9cdb4e6b7827eec6"
  integrity sha512-rp3So07KcdmmKbGvgaNxQSJr7bGVSVk5S9Eq1F+ppbRo70+YeaDxkw5Dd8NPN+GD6bjnYm2VuPuCXmpuYvmCXQ==

scrypt-js@^3.0.0:
  version "3.0.1"
  resolved "https://registry.npmjs.org/scrypt-js/-/scrypt-js-3.0.1.tgz#d314a57c2aef69d1ad98a138a21fe9eafa9ee312"
  integrity sha512-cdwTTnqPu0Hyvf5in5asVdZocVDTNRmR7XEcJuIzMjJeSHybHl7vpB66AzwTaIg6CLSbtjcxc8fqcySfnTkccA==

secp256k1@^4.0.1:
  version "4.0.3"
  resolved "https://registry.npmjs.org/secp256k1/-/secp256k1-4.0.3.tgz#c4559ecd1b8d3c1827ed2d1b94190d69ce267303"
  integrity sha512-NLZVf+ROMxwtEj3Xa562qgv2BK5e2WNmXPiOdVIPLgs6lyTzMvBq0aWTYMI5XCP9jZMVKOcqZLw/Wc4vDkuxhA==
  dependencies:
    elliptic "^6.5.4"
    node-addon-api "^2.0.0"
    node-gyp-build "^4.2.0"

setimmediate@^1.0.5:
  version "1.0.5"
  resolved "https://registry.npmjs.org/setimmediate/-/setimmediate-1.0.5.tgz#290cbb232e306942d7d7ea9b83732ab7856f8285"
  integrity sha512-MATJdZp8sLqDl/68LfQmbP8zKPLQNV6BIZoIgrscFDQ+RsvK/BxeDQOgyxKKoh0y/8h3BqVFnCqQ/gd+reiIXA==

sha.js@^2.4.0, sha.js@^2.4.8:
  version "2.4.11"
  resolved "https://registry.npmjs.org/sha.js/-/sha.js-2.4.11.tgz#37a5cf0b81ecbc6943de109ba2960d1b26584ae7"
  integrity sha512-QMEp5B7cftE7APOjk5Y6xgrbWu+WkLVQwk8JNjZ8nKRciZaByEW6MubieAiToS7+dwvrjGhH8jRXz3MVd0AYqQ==
  dependencies:
    inherits "^2.0.1"
    safe-buffer "^5.0.1"

signal-exit@^3.0.2:
  version "3.0.7"
  resolved "https://registry.npmjs.org/signal-exit/-/signal-exit-3.0.7.tgz#a9a1767f8af84155114eaabd73f99273c8f59ad9"
  integrity sha512-wnD2ZE+l+SPC/uoS0vXeE9L1+0wuaMqKlfz9AMUo38JsyLSBWSFcHR1Rri62LZc12vLr1gb3jl7iwQhgwpAbGQ==

solidity-ast@^0.4.51:
  version "0.4.59"
  resolved "https://registry.npmjs.org/solidity-ast/-/solidity-ast-0.4.59.tgz#290a2815aef70a61092591ab3e991da080ae5931"
  integrity sha512-I+CX0wrYUN9jDfYtcgWSe+OAowaXy8/1YQy7NS4ni5IBDmIYBq7ZzaP/7QqouLjzZapmQtvGLqCaYgoUWqBo5g==

string_decoder@^1.1.1:
  version "1.3.0"
  resolved "https://registry.npmjs.org/string_decoder/-/string_decoder-1.3.0.tgz#42f114594a46cf1a8e30b0a84f56c78c3edac21e"
  integrity sha512-hkRX8U1WjJFd8LsDJ2yQ/wWWxaopEsABU1XfkM8A+j0+85JAGppt16cr1Whg6KIbb4okU6Mql6BOj+uup/wKeA==
  dependencies:
    safe-buffer "~5.2.0"

supports-color@^7.1.0:
  version "7.2.0"
  resolved "https://registry.npmjs.org/supports-color/-/supports-color-7.2.0.tgz#1b7dcdcb32b8138801b3e478ba6a51caa89648da"
  integrity sha512-qpCAvRl9stuOHveKsn7HncJRvv501qIacKzQlO/+Lwxc9+0q2wLyv4Dfvt80/DPn2pqOBsJdDiogXGR9+OvwRw==
  dependencies:
    has-flag "^4.0.0"

undici-types@~6.19.2:
  version "6.19.8"
  resolved "https://registry.npmjs.org/undici-types/-/undici-types-6.19.8.tgz#35111c9d1437ab83a7cdc0abae2f26d88eda0a02"
  integrity sha512-ve2KP6f/JnbPBFyobGHuerC9g1FYGn/F8n1LWTwNxCEzd6IfqTwUQcNXgEtmmQ6DlRrC1hrSrBnCZPokRrDHjw==

util-deprecate@^1.0.1:
  version "1.0.2"
  resolved "https://registry.npmjs.org/util-deprecate/-/util-deprecate-1.0.2.tgz#450d4dc9fa70de732762fbd2d4a28981419a0ccf"
  integrity sha512-EPD5q1uXyFxJpCrLnCc1nHnq3gOa6DZBocAIiI2TaSCA7VCJ1UJDMagCzIkXNsUYfD1daK//LTEQ8xiIbrHtcw==
